
Microsoft Visual Studio Solution File, Format Version 12.00
# Visual Studio Version 16
VisualStudioVersion = 16.0.33027.164
MinimumVisualStudioVersion = 10.0.40219.1
Project("{FAE04EC0-301F-11D3-BF4B-00C04F79EFBC}") = "TemaLab11", "TemaLab11\TemaLab11.csproj", "{DFA53CBC-B2F1-40D7-AF84-04D9202FB85C}"
EndProject
Global
	GlobalSection(SolutionConfigurationPlatforms) = preSolution
		Debug|Any CPU = Debug|Any CPU
		Release|Any CPU = Release|Any CPU
	EndGlobalSection
	GlobalSection(ProjectConfigurationPlatforms) = postSolution
		{DFA53CBC-B2F1-40D7-AF84-04D9202FB85C}.Debug|Any CPU.ActiveCfg = Debug|Any CPU
		{DFA53CBC-B2F1-40D7-AF84-04D9202FB85C}.Debug|Any CPU.Build.0 = Debug|Any CPU
		{DFA53CBC-B2F1-40D7-AF84-04D9202FB85C}.Release|Any CPU.ActiveCfg = Release|Any CPU
		{DFA53CBC-B2F1-40D7-AF84-04D9202FB85C}.Release|Any CPU.Build.0 = Release|Any CPU
	EndGlobalSection
	GlobalSection(SolutionProperties) = preSolution
		HideSolutionNode = FALSE
	EndGlobalSection
	GlobalSection(ExtensibilityGlobals) = postSolution
		SolutionGuid = {3E43748E-FB40-452A-AB6D-8FB01884FA4E}
	EndGlobalSection
EndGlobal
